{
  "name": "test_node_project",
  "version": "1.0.0",
  "lockfileVersion": 1,
  "requires": true,
  "dependencies": {
    "accepts": {
      "version": "1.3.5",
      "resolved": "https://registry.npmjs.org/accepts/-/accepts-1.3.5.tgz",
      "integrity": "sha1-63d99gEXI6OxTopywIBcjoZ0a9I=",
      "requires": {
        "mime-types": "2.1.18",
        "negotiator": "0.6.1"
      },
      "dependencies": {
        "mime-db": {
          "version": "1.33.0",
          "resolved": "https://registry.npmjs.org/mime-db/-/mime-db-1.33.0.tgz",
          "integrity": "sha512-BHJ/EKruNIqJf/QahvxwQZXKygOQ256myeN/Ew+THcAa5q+PjyTTMMeNQC4DZw5AwfvelsUrA6B67NKMqXDbzQ=="
        },
        "mime-types": {
          "version": "2.1.18",
          "resolved": "https://registry.npmjs.org/mime-types/-/mime-types-2.1.18.tgz",
          "integrity": "sha512-lc/aahn+t4/SWV/qcmumYjymLsWfN3ELhpmVuUFjgsORruuZPVSwAQryq+HHGvO/SI2KVX26bx+En+zhM8g8hQ==",
          "requires": {
            "mime-db": "1.33.0"
          }
        }
      }
    },
    "acorn": {
      "version": "http://registry.npmjs.org/acorn/-/acorn-3.3.0.tgz",
      "integrity": "sha1-ReN/s56No/JbruP/U2niu18iAXo="
    },
    "acorn-globals": {
      "version": "http://registry.npmjs.org/acorn-globals/-/acorn-globals-3.1.0.tgz",
      "integrity": "sha1-/YJw9x+7SZawBPqIDuXUZXOnMb8=",
      "requires": {
        "acorn": "http://registry.npmjs.org/acorn/-/acorn-4.0.13.tgz"
      },
      "dependencies": {
        "acorn": {
          "version": "http://registry.npmjs.org/acorn/-/acorn-4.0.13.tgz",
          "integrity": "sha1-EFSVrlNh1pe9GVyCUZLhrX8lN4c="
        }
      }
    },
    "align-text": {
      "version": "http://registry.npmjs.org/align-text/-/align-text-0.1.4.tgz",
      "integrity": "sha1-DNkKVhCT810KmSVsIrcGlDP60Rc=",
      "requires": {
        "kind-of": "http://registry.npmjs.org/kind-of/-/kind-of-3.2.2.tgz",
        "longest": "http://registry.npmjs.org/longest/-/longest-1.0.1.tgz",
        "repeat-string": "http://registry.npmjs.org/repeat-string/-/repeat-string-1.6.1.tgz"
      }
    },
    "amdefine": {
      "version": "http://registry.npmjs.org/amdefine/-/amdefine-1.0.1.tgz",
      "integrity": "sha1-SlKCrBZHKek2Gbz9OtFR+BfOkfU="
    },
    "array-flatten": {
      "version": "1.1.1",
      "resolved": "https://registry.npmjs.org/array-flatten/-/array-flatten-1.1.1.tgz",
      "integrity": "sha1-ml9pkFGx5wczKPKgCJaLZOopVdI="
    },
    "asap": {
      "version": "http://registry.npmjs.org/asap/-/asap-2.0.6.tgz",
      "integrity": "sha1-5QNHYR1+aQlDIIu9r+vLwvuGbUY="
    },
    "basic-auth": {
      "version": "http://registry.npmjs.org/basic-auth/-/basic-auth-2.0.0.tgz",
      "integrity": "sha1-AV2z81PgLlY3d1X5YnQuiYHnu7o=",
      "requires": {
        "safe-buffer": "http://registry.npmjs.org/safe-buffer/-/safe-buffer-5.1.1.tgz"
      }
    },
    "body-parser": {
      "version": "http://registry.npmjs.org/body-parser/-/body-parser-1.18.2.tgz",
      "integrity": "sha1-h2eKGdhLR9hZuDGZvVm84iKxBFQ=",
      "requires": {
        "bytes": "http://registry.npmjs.org/bytes/-/bytes-3.0.0.tgz",
        "content-type": "http://registry.npmjs.org/content-type/-/content-type-1.0.4.tgz",
        "debug": "http://registry.npmjs.org/debug/-/debug-2.6.9.tgz",
        "depd": "http://registry.npmjs.org/depd/-/depd-1.1.1.tgz",
        "http-errors": "http://registry.npmjs.org/http-errors/-/http-errors-1.6.2.tgz",
        "iconv-lite": "http://registry.npmjs.org/iconv-lite/-/iconv-lite-0.4.19.tgz",
        "on-finished": "http://registry.npmjs.org/on-finished/-/on-finished-2.3.0.tgz",
        "qs": "http://registry.npmjs.org/qs/-/qs-6.5.1.tgz",
        "raw-body": "http://registry.npmjs.org/raw-body/-/raw-body-2.3.2.tgz",
        "type-is": "http://registry.npmjs.org/type-is/-/type-is-1.6.15.tgz"
      }
    },
    "bson": {
      "version": "1.0.5",
      "resolved": "https://registry.npmjs.org/bson/-/bson-1.0.5.tgz",
      "integrity": "sha512-D4SCtud6mlEb48kXdTHU31DRU0bsgOJ+4St1Dcx30uYNnf/aGc+hC9gHB/z0Eth8HYYs/hr0SFdyZViht19SwA=="
    },
    "buffer-shims": {
      "version": "1.0.0",
      "resolved": "https://registry.npmjs.org/buffer-shims/-/buffer-shims-1.0.0.tgz",
      "integrity": "sha1-mXjOMXOIxkmth5MCjDR37wRKi1E="
    },
    "bytes": {
      "version": "http://registry.npmjs.org/bytes/-/bytes-3.0.0.tgz",
      "integrity": "sha1-0ygVQE1olpn4Wk6k+odV3ROpYEg="
    },
    "camelcase": {
      "version": "http://registry.npmjs.org/camelcase/-/camelcase-1.2.1.tgz",
      "integrity": "sha1-m7UwTS4LVmmLLHWLCKPqqdqlijk="
    },
    "center-align": {
      "version": "http://registry.npmjs.org/center-align/-/center-align-0.1.3.tgz",
      "integrity": "sha1-qg0yYptu6XIgBBHL1EYckHvCt60=",
      "requires": {
        "align-text": "http://registry.npmjs.org/align-text/-/align-text-0.1.4.tgz",
        "lazy-cache": "http://registry.npmjs.org/lazy-cache/-/lazy-cache-1.0.4.tgz"
      }
    },
    "character-parser": {
      "version": "http://registry.npmjs.org/character-parser/-/character-parser-2.2.0.tgz",
      "integrity": "sha1-x84o821LzZdE5f/CxfzeHHMmH8A=",
      "requires": {
        "is-regex": "http://registry.npmjs.org/is-regex/-/is-regex-1.0.4.tgz"
      }
    },
    "clean-css": {
      "version": "http://registry.npmjs.org/clean-css/-/clean-css-3.4.28.tgz",
      "integrity": "sha1-vxlF6C/ICPVWlebd6uwBQA79A/8=",
      "requires": {
        "commander": "http://registry.npmjs.org/commander/-/commander-2.8.1.tgz",
        "source-map": "http://registry.npmjs.org/source-map/-/source-map-0.4.4.tgz"
      }
    },
    "cliui": {
      "version": "http://registry.npmjs.org/cliui/-/cliui-2.1.0.tgz",
      "integrity": "sha1-S0dXYP+AJkx2LDoXGQMukcf+oNE=",
      "requires": {
        "center-align": "http://registry.npmjs.org/center-align/-/center-align-0.1.3.tgz",
        "right-align": "http://registry.npmjs.org/right-align/-/right-align-0.1.3.tgz",
        "wordwrap": "http://registry.npmjs.org/wordwrap/-/wordwrap-0.0.2.tgz"
      }
    },
    "commander": {
      "version": "http://registry.npmjs.org/commander/-/commander-2.8.1.tgz",
      "integrity": "sha1-Br42f+v9oMMwqh4qBy09yXYkJdQ=",
      "requires": {
        "graceful-readlink": "http://registry.npmjs.org/graceful-readlink/-/graceful-readlink-1.0.1.tgz"
      }
    },
    "connect-mongo": {
      "version": "2.0.1",
      "resolved": "https://registry.npmjs.org/connect-mongo/-/connect-mongo-2.0.1.tgz",
      "integrity": "sha512-ghBvVq0SA0SkTFsbAB8HdF1+uoHdFJICSlrTklNloMKXuRpX9IuVBnG0DlKnXBZSQI0Joyaq22cazsrV9+5g2A==",
      "requires": {
        "mongodb": "2.2.35"
      },
      "dependencies": {
        "mongodb": {
          "version": "2.2.35",
          "resolved": "https://registry.npmjs.org/mongodb/-/mongodb-2.2.35.tgz",
          "integrity": "sha512-3HGLucDg/8EeYMin3k+nFWChTA85hcYDCw1lPsWR6yV9A6RgKb24BkLiZ9ySZR+S0nfBjWoIUS7cyV6ceGx5Gg==",
          "requires": {
            "es6-promise": "3.2.1",
            "mongodb-core": "2.1.19",
            "readable-stream": "2.2.7"
          }
        },
        "mongodb-core": {
          "version": "2.1.19",
          "resolved": "https://registry.npmjs.org/mongodb-core/-/mongodb-core-2.1.19.tgz",
          "integrity": "sha512-Jt4AtWUkpuW03kRdYGxga4O65O1UHlFfvvInslEfLlGi+zDMxbBe3J2NVmN9qPJ957Mn6Iz0UpMtV80cmxCVxw==",
          "requires": {
            "bson": "1.0.5",
            "require_optional": "1.0.1"
          }
        }
      }
    },
    "constantinople": {
      "version": "http://registry.npmjs.org/constantinople/-/constantinople-3.1.0.tgz",
      "integrity": "sha1-dWnKqKo/jVk11i4fqW+fcCzYHHk=",
      "requires": {
        "acorn": "http://registry.npmjs.org/acorn/-/acorn-3.3.0.tgz",
        "is-expression": "http://registry.npmjs.org/is-expression/-/is-expression-2.1.0.tgz"
      }
    },
    "content-disposition": {
      "version": "0.5.2",
      "resolved": "https://registry.npmjs.org/content-disposition/-/content-disposition-0.5.2.tgz",
      "integrity": "sha1-DPaLud318r55YcOoUXjLhdunjLQ="
    },
    "content-type": {
      "version": "http://registry.npmjs.org/content-type/-/content-type-1.0.4.tgz",
      "integrity": "sha1-4TjMdeBAxyexlm/l5fjJruJW/js="
    },
    "cookie": {
      "version": "http://registry.npmjs.org/cookie/-/cookie-0.3.1.tgz",
      "integrity": "sha1-5+Ch+e9DtMi6klxcWpboBtFoc7s="
    },
    "cookie-parser": {
      "version": "http://registry.npmjs.org/cookie-parser/-/cookie-parser-1.4.3.tgz",
      "integrity": "sha1-D+MfoZ0AC5X0qt8fU/3CuKIDuqU=",
      "requires": {
        "cookie": "http://registry.npmjs.org/cookie/-/cookie-0.3.1.tgz",
        "cookie-signature": "http://registry.npmjs.org/cookie-signature/-/cookie-signature-1.0.6.tgz"
      }
    },
    "cookie-signature": {
      "version": "http://registry.npmjs.org/cookie-signature/-/cookie-signature-1.0.6.tgz",
      "integrity": "sha1-4wOogrNCzD7oylE6eZmXNNqzriw="
    },
    "core-util-is": {
      "version": "1.0.2",
      "resolved": "https://registry.npmjs.org/core-util-is/-/core-util-is-1.0.2.tgz",
      "integrity": "sha1-tf1UIgqivFq1eqtxQMlAdUUDwac="
    },
    "crc": {
      "version": "http://registry.npmjs.org/crc/-/crc-3.4.4.tgz",
      "integrity": "sha1-naHpgOO9RPxck79as9ozeNheRms="
    },
    "crypto": {
      "version": "1.0.1",
      "resolved": "https://registry.npmjs.org/crypto/-/crypto-1.0.1.tgz",
      "integrity": "sha512-VxBKmeNcqQdiUQUW2Tzq0t377b54N2bMtXO/qiLa+6eRRmmC4qT3D4OnTGoT/U6O9aklQ/jTwbOtRMTTY8G0Ig=="
    },
    "debug": {
      "version": "http://registry.npmjs.org/debug/-/debug-2.6.9.tgz",
      "integrity": "sha1-XRKFFd8TT/Mn6QpMk/Tgd6U2NB8=",
      "requires": {
        "ms": "http://registry.npmjs.org/ms/-/ms-2.0.0.tgz"
      }
    },
    "decamelize": {
      "version": "http://registry.npmjs.org/decamelize/-/decamelize-1.2.0.tgz",
      "integrity": "sha1-9lNNFRSCabIDUue+4m9QH5oZEpA="
    },
    "depd": {
      "version": "http://registry.npmjs.org/depd/-/depd-1.1.1.tgz",
      "integrity": "sha1-V4O04cRZ8G+lyif5kfPQbnoxA1k="
    },
    "destroy": {
      "version": "1.0.4",
      "resolved": "https://registry.npmjs.org/destroy/-/destroy-1.0.4.tgz",
      "integrity": "sha1-l4hXRCxEdJ5CBmE+N5RiBYJqvYA="
    },
    "doctypes": {
      "version": "http://registry.npmjs.org/doctypes/-/doctypes-1.1.0.tgz",
      "integrity": "sha1-6oCxBqh1OHdOijpKWv4pPeSJ4Kk="
    },
    "ee-first": {
      "version": "http://registry.npmjs.org/ee-first/-/ee-first-1.1.1.tgz",
      "integrity": "sha1-WQxhFWsK4vTwJVcyoViyZrxWsh0="
    },
    "encodeurl": {
      "version": "1.0.2",
      "resolved": "https://registry.npmjs.org/encodeurl/-/encodeurl-1.0.2.tgz",
      "integrity": "sha1-rT/0yG7C0CkyL1oCw6mmBslbP1k="
    },
    "es6-promise": {
      "version": "3.2.1",
      "resolved": "https://registry.npmjs.org/es6-promise/-/es6-promise-3.2.1.tgz",
      "integrity": "sha1-7FYjOGgDKQkgcXDDlEjiREndH8Q="
    },
    "escape-html": {
      "version": "1.0.3",
      "resolved": "https://registry.npmjs.org/escape-html/-/escape-html-1.0.3.tgz",
      "integrity": "sha1-Aljq5NPQwJdN4cFpGI7wBR0dGYg="
    },
    "etag": {
      "version": "1.8.1",
      "resolved": "https://registry.npmjs.org/etag/-/etag-1.8.1.tgz",
      "integrity": "sha1-Qa4u62XvpiJorr/qg6x9eSmbCIc="
    },
    "express": {
      "version": "4.16.2",
      "resolved": "https://registry.npmjs.org/express/-/express-4.16.2.tgz",
      "integrity": "sha1-41xt/i1kt9ygpc1PIXgb4ymeB2w=",
      "requires": {
        "accepts": "1.3.5",
        "array-flatten": "1.1.1",
        "body-parser": "http://registry.npmjs.org/body-parser/-/body-parser-1.18.2.tgz",
        "content-disposition": "0.5.2",
        "content-type": "http://registry.npmjs.org/content-type/-/content-type-1.0.4.tgz",
        "cookie": "http://registry.npmjs.org/cookie/-/cookie-0.3.1.tgz",
        "cookie-signature": "http://registry.npmjs.org/cookie-signature/-/cookie-signature-1.0.6.tgz",
        "debug": "http://registry.npmjs.org/debug/-/debug-2.6.9.tgz",
        "depd": "http://registry.npmjs.org/depd/-/depd-1.1.1.tgz",
        "encodeurl": "1.0.2",
        "escape-html": "1.0.3",
        "etag": "1.8.1",
        "finalhandler": "1.1.0",
        "fresh": "0.5.2",
        "merge-descriptors": "1.0.1",
        "methods": "1.1.2",
        "on-finished": "http://registry.npmjs.org/on-finished/-/on-finished-2.3.0.tgz",
        "parseurl": "http://registry.npmjs.org/parseurl/-/parseurl-1.3.2.tgz",
        "path-to-regexp": "0.1.7",
        "proxy-addr": "2.0.3",
        "qs": "http://registry.npmjs.org/qs/-/qs-6.5.1.tgz",
        "range-parser": "1.2.0",
        "safe-buffer": "http://registry.npmjs.org/safe-buffer/-/safe-buffer-5.1.1.tgz",
        "send": "0.16.1",
        "serve-static": "1.13.1",
        "setprototypeof": "1.1.0",
        "statuses": "http://registry.npmjs.org/statuses/-/statuses-1.3.1.tgz",
        "type-is": "http://registry.npmjs.org/type-is/-/type-is-1.6.15.tgz",
        "utils-merge": "http://registry.npmjs.org/utils-merge/-/utils-merge-1.0.1.tgz",
        "vary": "1.1.2"
      }
    },
    "express-session": {
      "version": "http://registry.npmjs.org/express-session/-/express-session-1.15.6.tgz",
      "integrity": "sha1-R7QWDIj0KrcP6KUI4xy/92dXqwo=",
      "requires": {
        "cookie": "http://registry.npmjs.org/cookie/-/cookie-0.3.1.tgz",
        "cookie-signature": "http://registry.npmjs.org/cookie-signature/-/cookie-signature-1.0.6.tgz",
        "crc": "http://registry.npmjs.org/crc/-/crc-3.4.4.tgz",
        "debug": "http://registry.npmjs.org/debug/-/debug-2.6.9.tgz",
        "depd": "http://registry.npmjs.org/depd/-/depd-1.1.1.tgz",
        "on-headers": "http://registry.npmjs.org/on-headers/-/on-headers-1.0.1.tgz",
        "parseurl": "http://registry.npmjs.org/parseurl/-/parseurl-1.3.2.tgz",
        "uid-safe": "http://registry.npmjs.org/uid-safe/-/uid-safe-2.1.5.tgz",
        "utils-merge": "http://registry.npmjs.org/utils-merge/-/utils-merge-1.0.1.tgz"
      }
    },
    "finalhandler": {
      "version": "1.1.0",
      "resolved": "https://registry.npmjs.org/finalhandler/-/finalhandler-1.1.0.tgz",
      "integrity": "sha1-zgtoVbRYU+eRsvzGgARtiCU91/U=",
      "requires": {
        "debug": "http://registry.npmjs.org/debug/-/debug-2.6.9.tgz",
        "encodeurl": "1.0.2",
        "escape-html": "1.0.3",
        "on-finished": "http://registry.npmjs.org/on-finished/-/on-finished-2.3.0.tgz",
        "parseurl": "http://registry.npmjs.org/parseurl/-/parseurl-1.3.2.tgz",
        "statuses": "http://registry.npmjs.org/statuses/-/statuses-1.3.1.tgz",
        "unpipe": "http://registry.npmjs.org/unpipe/-/unpipe-1.0.0.tgz"
      }
    },
    "forwarded": {
      "version": "0.1.2",
      "resolved": "https://registry.npmjs.org/forwarded/-/forwarded-0.1.2.tgz",
      "integrity": "sha1-mMI9qxF1ZXuMBXPozszZGw/xjIQ="
    },
    "fresh": {
      "version": "0.5.2",
      "resolved": "https://registry.npmjs.org/fresh/-/fresh-0.5.2.tgz",
      "integrity": "sha1-PYyt2Q2XZWn6g1qx+OSyOhBWBac="
    },
    "function-bind": {
      "version": "http://registry.npmjs.org/function-bind/-/function-bind-1.1.1.tgz",
      "integrity": "sha1-pWiZ0+o8m6uHS7l3O3xe3pL0iV0="
    },
    "graceful-readlink": {
      "version": "http://registry.npmjs.org/graceful-readlink/-/graceful-readlink-1.0.1.tgz",
      "integrity": "sha1-TK+tdrxi8C+gObL5Tpo906ORpyU="
    },
    "has": {
      "version": "http://registry.npmjs.org/has/-/has-1.0.1.tgz",
      "integrity": "sha1-hGFzP1OLCDfJNh45qauelwTcLyg=",
      "requires": {
        "function-bind": "http://registry.npmjs.org/function-bind/-/function-bind-1.1.1.tgz"
      }
    },
    "http-errors": {
      "version": "http://registry.npmjs.org/http-errors/-/http-errors-1.6.2.tgz",
      "integrity": "sha1-CgAsyFcHGSp+eUbO7cERVfYOxzY=",
      "requires": {
        "depd": "http://registry.npmjs.org/depd/-/depd-1.1.1.tgz",
        "inherits": "http://registry.npmjs.org/inherits/-/inherits-2.0.3.tgz",
        "setprototypeof": "http://registry.npmjs.org/setprototypeof/-/setprototypeof-1.0.3.tgz",
        "statuses": "http://registry.npmjs.org/statuses/-/statuses-1.3.1.tgz"
      },
      "dependencies": {
        "setprototypeof": {
          "version": "http://registry.npmjs.org/setprototypeof/-/setprototypeof-1.0.3.tgz",
          "integrity": "sha1-ZlZ+NwQ+608E2RvWWMDL77VbjgQ="
        }
      }
    },
    "iconv-lite": {
      "version": "http://registry.npmjs.org/iconv-lite/-/iconv-lite-0.4.19.tgz",
      "integrity": "sha1-90aPYBNfXl2tM5nAqBvpoWA6CCs="
    },
    "inherits": {
      "version": "http://registry.npmjs.org/inherits/-/inherits-2.0.3.tgz",
      "integrity": "sha1-Yzwsg+PaQqUC9SRmAiSA9CCCYd4="
    },
    "ipaddr.js": {
      "version": "1.6.0",
      "resolved": "https://registry.npmjs.org/ipaddr.js/-/ipaddr.js-1.6.0.tgz",
      "integrity": "sha1-4/o1e3c9phnybpXwSdBVxyeW+Gs="
    },
    "is-buffer": {
      "version": "http://registry.npmjs.org/is-buffer/-/is-buffer-1.1.5.tgz",
      "integrity": "sha1-Hzsm72E7IUuIy8ojzGwB2Hlh7sw="
    },
    "is-expression": {
      "version": "http://registry.npmjs.org/is-expression/-/is-expression-2.1.0.tgz",
      "integrity": "sha1-kb6dR968/vB3l36XIr5tz7RGXvA=",
      "requires": {
        "acorn": "http://registry.npmjs.org/acorn/-/acorn-3.3.0.tgz",
        "object-assign": "http://registry.npmjs.org/object-assign/-/object-assign-4.1.1.tgz"
      }
    },
    "is-promise": {
      "version": "http://registry.npmjs.org/is-promise/-/is-promise-2.1.0.tgz",
      "integrity": "sha1-eaKp7OfwlugPNtKy87wWwf9L8/o="
    },
    "is-regex": {
      "version": "http://registry.npmjs.org/is-regex/-/is-regex-1.0.4.tgz",
      "integrity": "sha1-VRdIm1RwkbCTDglWVM7SXul+lJE=",
      "requires": {
        "has": "http://registry.npmjs.org/has/-/has-1.0.1.tgz"
      }
    },
    "isarray": {
      "version": "1.0.0",
      "resolved": "https://registry.npmjs.org/isarray/-/isarray-1.0.0.tgz",
      "integrity": "sha1-u5NdSFgsuhaMBoNJV6VKPgcSTxE="
    },
    "js-stringify": {
      "version": "http://registry.npmjs.org/js-stringify/-/js-stringify-1.0.2.tgz",
      "integrity": "sha1-Fzb939lyTyijaCrcYjCufk6Weds="
    },
    "jstransformer": {
      "version": "http://registry.npmjs.org/jstransformer/-/jstransformer-1.0.0.tgz",
      "integrity": "sha1-7Yvwkh4vPx7U1cGkT2hwntJHIsM=",
      "requires": {
        "is-promise": "http://registry.npmjs.org/is-promise/-/is-promise-2.1.0.tgz",
        "promise": "http://registry.npmjs.org/promise/-/promise-7.3.1.tgz"
      }
    },
    "kind-of": {
      "version": "http://registry.npmjs.org/kind-of/-/kind-of-3.2.2.tgz",
      "integrity": "sha1-MeohpzS6ubuw8yRm2JOupR5KPGQ=",
      "requires": {
        "is-buffer": "http://registry.npmjs.org/is-buffer/-/is-buffer-1.1.5.tgz"
      }
    },
    "lazy-cache": {
      "version": "http://registry.npmjs.org/lazy-cache/-/lazy-cache-1.0.4.tgz",
      "integrity": "sha1-odePw6UEdMuAhF07O24dpJpEbo4="
    },
    "longest": {
      "version": "http://registry.npmjs.org/longest/-/longest-1.0.1.tgz",
      "integrity": "sha1-MKCy2jj3N3DoKUoNIuZiXtd9AJc="
    },
    "media-typer": {
      "version": "http://registry.npmjs.org/media-typer/-/media-typer-0.3.0.tgz",
      "integrity": "sha1-hxDXrwqmJvj/+hzgAWhUUmMlV0g="
    },
    "merge-descriptors": {
      "version": "1.0.1",
      "resolved": "https://registry.npmjs.org/merge-descriptors/-/merge-descriptors-1.0.1.tgz",
      "integrity": "sha1-sAqqVW3YtEVoFQ7J0blT8/kMu2E="
    },
    "methods": {
      "version": "1.1.2",
      "resolved": "https://registry.npmjs.org/methods/-/methods-1.1.2.tgz",
      "integrity": "sha1-VSmk1nZUE07cxSZmVoNbD4Ua/O4="
    },
    "mime": {
      "version": "1.4.1",
      "resolved": "https://registry.npmjs.org/mime/-/mime-1.4.1.tgz",
      "integrity": "sha512-KI1+qOZu5DcW6wayYHSzR/tXKCDC5Om4s1z2QJjDULzLcmf3DvzS7oluY4HCTrc+9FiKmWUgeNLg7W3uIQvxtQ=="
    },
    "mime-db": {
      "version": "http://registry.npmjs.org/mime-db/-/mime-db-1.30.0.tgz",
      "integrity": "sha1-dMZD2i3Z1qRTmZY0ZbJtXKfXHwE="
    },
    "mime-types": {
      "version": "http://registry.npmjs.org/mime-types/-/mime-types-2.1.17.tgz",
      "integrity": "sha1-Cdejk/A+mVp5+K+Fe3Cp4KsWVXo=",
      "requires": {
        "mime-db": "http://registry.npmjs.org/mime-db/-/mime-db-1.30.0.tgz"
      }
    },
    "mongodb": {
      "version": "3.0.3",
      "resolved": "https://registry.npmjs.org/mongodb/-/mongodb-3.0.3.tgz",
      "integrity": "sha512-BuYbPwjrIS/Ik/AUegjnYb8ncOa4dj8tzP4eSCsaqjP9yjmIWzzKrAXBY+s8xy6xkTJxgvbuTFub6cIwpmHRXQ==",
      "requires": {
        "mongodb-core": "3.0.3"
      }
    },
    "mongodb-core": {
      "version": "3.0.3",
      "resolved": "https://registry.npmjs.org/mongodb-core/-/mongodb-core-3.0.3.tgz",
      "integrity": "sha512-AkEiYeq4PZrgoKPZ32q2nL2xFe9iswOgefMipS2YHJHX8DCFAXmYr1aFxefAWisinxI/nd57nBMSe4mrm3yV1g==",
      "requires": {
        "bson": "1.0.5",
        "require_optional": "1.0.1"
      }
    },
    "morgan": {
      "version": "http://registry.npmjs.org/morgan/-/morgan-1.9.0.tgz",
      "integrity": "sha1-0B+mxlhZt2/PMbPLU6OCGjEdgFE=",
      "requires": {
        "basic-auth": "http://registry.npmjs.org/basic-auth/-/basic-auth-2.0.0.tgz",
        "debug": "http://registry.npmjs.org/debug/-/debug-2.6.9.tgz",
        "depd": "http://registry.npmjs.org/depd/-/depd-1.1.1.tgz",
        "on-finished": "http://registry.npmjs.org/on-finished/-/on-finished-2.3.0.tgz",
        "on-headers": "http://registry.npmjs.org/on-headers/-/on-headers-1.0.1.tgz"
      }
    },
    "ms": {
      "version": "http://registry.npmjs.org/ms/-/ms-2.0.0.tgz",
      "integrity": "sha1-VgiurfwAvmwpAd9fmGF4jeDVl8g="
    },
    "negotiator": {
      "version": "0.6.1",
      "resolved": "https://registry.npmjs.org/negotiator/-/negotiator-0.6.1.tgz",
      "integrity": "sha1-KzJxhOiZIQEXeyhWP7XnECrNDKk="
    },
    "nodemailer": {
      "version": "4.6.0",
      "resolved": "https://registry.npmjs.org/nodemailer/-/nodemailer-4.6.0.tgz",
      "integrity": "sha512-yYTtNAmukmu0qI/zAYGggOvOdMgwacp4jmvCyXrGao/84Elz+2lDGOhVg6bkvOhkRK/hnun3XoJ+AV7w8x4wbQ=="
    },
    "object-assign": {
      "version": "http://registry.npmjs.org/object-assign/-/object-assign-4.1.1.tgz",
      "integrity": "sha1-IQmtx5ZYh8/AXLvUQsrIv7s2CGM="
    },
    "on-finished": {
      "version": "http://registry.npmjs.org/on-finished/-/on-finished-2.3.0.tgz",
      "integrity": "sha1-IPEzZIGwg811M3mSoWlxqi2QaUc=",
      "requires": {
        "ee-first": "http://registry.npmjs.org/ee-first/-/ee-first-1.1.1.tgz"
      }
    },
    "on-headers": {
      "version": "http://registry.npmjs.org/on-headers/-/on-headers-1.0.1.tgz",
      "integrity": "sha1-ko9dD0cNSTQmUepnlLCFfBAGk/c="
    },
    "parseurl": {
      "version": "http://registry.npmjs.org/parseurl/-/parseurl-1.3.2.tgz",
      "integrity": "sha1-/CidTtiZMRlGDBViUyYs3I3mW/M="
    },
    "passport": {
      "version": "0.4.0",
      "resolved": "https://registry.npmjs.org/passport/-/passport-0.4.0.tgz",
      "integrity": "sha1-xQlWkTR71a07XhgCOMORTRbwWBE=",
      "requires": {
        "passport-strategy": "1.0.0",
        "pause": "0.0.1"
      }
    },
    "passport-strategy": {
      "version": "1.0.0",
      "resolved": "https://registry.npmjs.org/passport-strategy/-/passport-strategy-1.0.0.tgz",
      "integrity": "sha1-tVOaqPwiWj0a0XlHbd8ja0QPUuQ="
    },
    "path-parse": {
      "version": "http://registry.npmjs.org/path-parse/-/path-parse-1.0.5.tgz",
      "integrity": "sha1-PBrfhx6pzWyUMbbqK9dKD/BVxME="
    },
    "path-to-regexp": {
      "version": "0.1.7",
      "resolved": "https://registry.npmjs.org/path-to-regexp/-/path-to-regexp-0.1.7.tgz",
      "integrity": "sha1-32BBeABfUi8V60SQ5yR6G/qmf4w="
    },
    "pause": {
      "version": "0.0.1",
      "resolved": "https://registry.npmjs.org/pause/-/pause-0.0.1.tgz",
      "integrity": "sha1-HUCLP9t2kjuVQ9lvtMnf1TXZy10="
    },
    "process-nextick-args": {
      "version": "1.0.7",
      "resolved": "https://registry.npmjs.org/process-nextick-args/-/process-nextick-args-1.0.7.tgz",
      "integrity": "sha1-FQ4gt1ZZCtP5EJPyWk8q2L/zC6M="
    },
    "promise": {
      "version": "http://registry.npmjs.org/promise/-/promise-7.3.1.tgz",
      "integrity": "sha1-BktyYCsY+Q8pGSuLG8QY/9Hr078=",
      "requires": {
        "asap": "http://registry.npmjs.org/asap/-/asap-2.0.6.tgz"
      }
    },
    "proxy-addr": {
      "version": "2.0.3",
      "resolved": "https://registry.npmjs.org/proxy-addr/-/proxy-addr-2.0.3.tgz",
      "integrity": "sha512-jQTChiCJteusULxjBp8+jftSQE5Obdl3k4cnmLA6WXtK6XFuWRnvVL7aCiBqaLPM8c4ph0S4tKna8XvmIwEnXQ==",
      "requires": {
        "forwarded": "0.1.2",
        "ipaddr.js": "1.6.0"
      }
    },
    "pug": {
      "version": "http://registry.npmjs.org/pug/-/pug-2.0.0-rc.4.tgz",
      "integrity": "sha1-t7CPZZm9UwJWgEK3Q2mE+yjIChM=",
      "requires": {
        "pug-code-gen": "http://registry.npmjs.org/pug-code-gen/-/pug-code-gen-2.0.0.tgz",
        "pug-filters": "http://registry.npmjs.org/pug-filters/-/pug-filters-2.1.5.tgz",
        "pug-lexer": "http://registry.npmjs.org/pug-lexer/-/pug-lexer-3.1.0.tgz",
        "pug-linker": "http://registry.npmjs.org/pug-linker/-/pug-linker-3.0.3.tgz",
        "pug-load": "http://registry.npmjs.org/pug-load/-/pug-load-2.0.9.tgz",
        "pug-parser": "http://registry.npmjs.org/pug-parser/-/pug-parser-4.0.0.tgz",
        "pug-runtime": "http://registry.npmjs.org/pug-runtime/-/pug-runtime-2.0.3.tgz",
        "pug-strip-comments": "http://registry.npmjs.org/pug-strip-comments/-/pug-strip-comments-1.0.2.tgz"
      }
    },
    "pug-attrs": {
      "version": "http://registry.npmjs.org/pug-attrs/-/pug-attrs-2.0.2.tgz",
      "integrity": "sha1-i+KyIlVo/6ddG4Zpgr/59BEa/8s=",
      "requires": {
        "constantinople": "http://registry.npmjs.org/constantinople/-/constantinople-3.1.0.tgz",
        "js-stringify": "http://registry.npmjs.org/js-stringify/-/js-stringify-1.0.2.tgz",
        "pug-runtime": "http://registry.npmjs.org/pug-runtime/-/pug-runtime-2.0.3.tgz"
      }
    },
    "pug-code-gen": {
      "version": "http://registry.npmjs.org/pug-code-gen/-/pug-code-gen-2.0.0.tgz",
      "integrity": "sha1-lq6jmp5i8exdK2pbQqKdUoxwtD0=",
      "requires": {
        "constantinople": "http://registry.npmjs.org/constantinople/-/constantinople-3.1.0.tgz",
        "doctypes": "http://registry.npmjs.org/doctypes/-/doctypes-1.1.0.tgz",
        "js-stringify": "http://registry.npmjs.org/js-stringify/-/js-stringify-1.0.2.tgz",
        "pug-attrs": "http://registry.npmjs.org/pug-attrs/-/pug-attrs-2.0.2.tgz",
        "pug-error": "http://registry.npmjs.org/pug-error/-/pug-error-1.3.2.tgz",
        "pug-runtime": "http://registry.npmjs.org/pug-runtime/-/pug-runtime-2.0.3.tgz",
        "void-elements": "http://registry.npmjs.org/void-elements/-/void-elements-2.0.1.tgz",
        "with": "http://registry.npmjs.org/with/-/with-5.1.1.tgz"
      }
    },
    "pug-error": {
      "version": "http://registry.npmjs.org/pug-error/-/pug-error-1.3.2.tgz",
      "integrity": "sha1-U659nSm7A89WRJOgJhCfVMR/XyY="
    },
    "pug-filters": {
      "version": "http://registry.npmjs.org/pug-filters/-/pug-filters-2.1.5.tgz",
      "integrity": "sha1-Zr9ugNl/vvgpurCqNe3f8z/JZPM=",
      "requires": {
        "clean-css": "http://registry.npmjs.org/clean-css/-/clean-css-3.4.28.tgz",
        "constantinople": "http://registry.npmjs.org/constantinople/-/constantinople-3.1.0.tgz",
        "jstransformer": "http://registry.npmjs.org/jstransformer/-/jstransformer-1.0.0.tgz",
        "pug-error": "http://registry.npmjs.org/pug-error/-/pug-error-1.3.2.tgz",
        "pug-walk": "http://registry.npmjs.org/pug-walk/-/pug-walk-1.1.5.tgz",
        "resolve": "http://registry.npmjs.org/resolve/-/resolve-1.4.0.tgz",
        "uglify-js": "http://registry.npmjs.org/uglify-js/-/uglify-js-2.8.29.tgz"
      }
    },
    "pug-lexer": {
      "version": "http://registry.npmjs.org/pug-lexer/-/pug-lexer-3.1.0.tgz",
      "integrity": "sha1-/QhzdtSmdbT1n4/vQiiDQ06VgaI=",
      "requires": {
        "character-parser": "http://registry.npmjs.org/character-parser/-/character-parser-2.2.0.tgz",
        "is-expression": "http://registry.npmjs.org/is-expression/-/is-expression-3.0.0.tgz",
        "pug-error": "http://registry.npmjs.org/pug-error/-/pug-error-1.3.2.tgz"
      },
      "dependencies": {
        "acorn": {
          "version": "http://registry.npmjs.org/acorn/-/acorn-4.0.13.tgz",
          "integrity": "sha1-EFSVrlNh1pe9GVyCUZLhrX8lN4c="
        },
        "is-expression": {
          "version": "http://registry.npmjs.org/is-expression/-/is-expression-3.0.0.tgz",
          "integrity": "sha1-Oayqa+f9HzRx3ELHQW5hwkMXrJ8=",
          "requires": {
            "acorn": "http://registry.npmjs.org/acorn/-/acorn-4.0.13.tgz",
            "object-assign": "http://registry.npmjs.org/object-assign/-/object-assign-4.1.1.tgz"
          }
        }
      }
    },
    "pug-linker": {
      "version": "http://registry.npmjs.org/pug-linker/-/pug-linker-3.0.3.tgz",
      "integrity": "sha1-JfWet1AjfwNo5ZwzeXZCKcAYnEE=",
      "requires": {
        "pug-error": "http://registry.npmjs.org/pug-error/-/pug-error-1.3.2.tgz",
        "pug-walk": "http://registry.npmjs.org/pug-walk/-/pug-walk-1.1.5.tgz"
      }
    },
    "pug-load": {
      "version": "http://registry.npmjs.org/pug-load/-/pug-load-2.0.9.tgz",
      "integrity": "sha1-7iF8kUzB2TJNRLhsMtHfJB023no=",
      "requires": {
        "object-assign": "http://registry.npmjs.org/object-assign/-/object-assign-4.1.1.tgz",
        "pug-walk": "http://registry.npmjs.org/pug-walk/-/pug-walk-1.1.5.tgz"
      }
    },
    "pug-parser": {
      "version": "http://registry.npmjs.org/pug-parser/-/pug-parser-4.0.0.tgz",
      "integrity": "sha1-yfUjIuTqvkv1vuumTtGDc7tieAE=",
      "requires": {
        "pug-error": "http://registry.npmjs.org/pug-error/-/pug-error-1.3.2.tgz",
        "token-stream": "http://registry.npmjs.org/token-stream/-/token-stream-0.0.1.tgz"
      }
    },
    "pug-runtime": {
      "version": "http://registry.npmjs.org/pug-runtime/-/pug-runtime-2.0.3.tgz",
      "integrity": "sha1-mBYmB7D86eJU1CfzOYelrucWi9o="
    },
    "pug-strip-comments": {
      "version": "http://registry.npmjs.org/pug-strip-comments/-/pug-strip-comments-1.0.2.tgz",
      "integrity": "sha1-0xOvoBvMN0mA4TmeI+vy65vchRM=",
      "requires": {
        "pug-error": "http://registry.npmjs.org/pug-error/-/pug-error-1.3.2.tgz"
      }
    },
    "pug-walk": {
      "version": "http://registry.npmjs.org/pug-walk/-/pug-walk-1.1.5.tgz",
      "integrity": "sha1-kOlDrLz3Ah5kVM8bMiRYkcum+FE="
    },
    "qs": {
      "version": "http://registry.npmjs.org/qs/-/qs-6.5.1.tgz",
      "integrity": "sha1-NJzfbu+J7EXBLX1es/wMhwNDptg="
    },
    "random-bytes": {
      "version": "http://registry.npmjs.org/random-bytes/-/random-bytes-1.0.0.tgz",
      "integrity": "sha1-T2ih3Arli9P7lYSMMDJNt11kNgs="
    },
    "range-parser": {
      "version": "1.2.0",
      "resolved": "https://registry.npmjs.org/range-parser/-/range-parser-1.2.0.tgz",
      "integrity": "sha1-9JvmtIeJTdxA3MlKMi9hEJLgDV4="
    },
    "raw-body": {
      "version": "http://registry.npmjs.org/raw-body/-/raw-body-2.3.2.tgz",
      "integrity": "sha1-vNYMd9Prk83gBQKVw/N5OJvIj4k=",
      "requires": {
        "bytes": "http://registry.npmjs.org/bytes/-/bytes-3.0.0.tgz",
        "http-errors": "http://registry.npmjs.org/http-errors/-/http-errors-1.6.2.tgz",
        "iconv-lite": "http://registry.npmjs.org/iconv-lite/-/iconv-lite-0.4.19.tgz",
        "unpipe": "http://registry.npmjs.org/unpipe/-/unpipe-1.0.0.tgz"
      }
    },
    "readable-stream": {
      "version": "2.2.7",
      "resolved": "https://registry.npmjs.org/readable-stream/-/readable-stream-2.2.7.tgz",
      "integrity": "sha1-BwV6y+JGeyIELTb5jFrVBwVOlbE=",
      "requires": {
        "buffer-shims": "1.0.0",
        "core-util-is": "1.0.2",
        "inherits": "http://registry.npmjs.org/inherits/-/inherits-2.0.3.tgz",
        "isarray": "1.0.0",
        "process-nextick-args": "1.0.7",
        "string_decoder": "1.0.3",
        "util-deprecate": "1.0.2"
      }
    },
    "repeat-string": {
      "version": "http://registry.npmjs.org/repeat-string/-/repeat-string-1.6.1.tgz",
      "integrity": "sha1-jcrkcOHIirwtYA//Sndihtp15jc="
    },
    "require_optional": {
      "version": "1.0.1",
      "resolved": "https://registry.npmjs.org/require_optional/-/require_optional-1.0.1.tgz",
      "integrity": "sha512-qhM/y57enGWHAe3v/NcwML6a3/vfESLe/sGM2dII+gEO0BpKRUkWZow/tyloNqJyN6kXSl3RyyM8Ll5D/sJP8g==",
      "requires": {
        "resolve-from": "2.0.0",
        "semver": "5.5.0"
      }
    },
    "resolve": {
      "version": "http://registry.npmjs.org/resolve/-/resolve-1.4.0.tgz",
      "integrity": "sha1-p1vgHFPaJdk0qY69DkxKcxL5KoY=",
      "requires": {
        "path-parse": "http://registry.npmjs.org/path-parse/-/path-parse-1.0.5.tgz"
      }
    },
    "resolve-from": {
      "version": "2.0.0",
      "resolved": "https://registry.npmjs.org/resolve-from/-/resolve-from-2.0.0.tgz",
      "integrity": "sha1-lICrIOlP+h2egKgEx+oUdhGWa1c="
    },
    "right-align": {
      "version": "http://registry.npmjs.org/right-align/-/right-align-0.1.3.tgz",
      "integrity": "sha1-YTObci/mo1FWiSENJOFMlhSGE+8=",
      "requires": {
        "align-text": "http://registry.npmjs.org/align-text/-/align-text-0.1.4.tgz"
      }
    },
    "safe-buffer": {
      "version": "http://registry.npmjs.org/safe-buffer/-/safe-buffer-5.1.1.tgz",
      "integrity": "sha1-iTMSr2myEj3vcfV4iQAWce6yyFM="
    },
    "semver": {
      "version": "5.5.0",
      "resolved": "https://registry.npmjs.org/semver/-/semver-5.5.0.tgz",
      "integrity": "sha512-4SJ3dm0WAwWy/NVeioZh5AntkdJoWKxHxcmyP622fOkgHa4z3R0TdBJICINyaSDE6uNwVc8gZr+ZinwZAH4xIA=="
    },
    "send": {
      "version": "0.16.1",
      "resolved": "https://registry.npmjs.org/send/-/send-0.16.1.tgz",
      "integrity": "sha512-ElCLJdJIKPk6ux/Hocwhk7NFHpI3pVm/IZOYWqUmoxcgeyM+MpxHHKhb8QmlJDX1pU6WrgaHBkVNm73Sv7uc2A==",
      "requires": {
        "debug": "http://registry.npmjs.org/debug/-/debug-2.6.9.tgz",
        "depd": "http://registry.npmjs.org/depd/-/depd-1.1.1.tgz",
        "destroy": "1.0.4",
        "encodeurl": "1.0.2",
        "escape-html": "1.0.3",
        "etag": "1.8.1",
        "fresh": "0.5.2",
        "http-errors": "http://registry.npmjs.org/http-errors/-/http-errors-1.6.2.tgz",
        "mime": "1.4.1",
        "ms": "http://registry.npmjs.org/ms/-/ms-2.0.0.tgz",
        "on-finished": "http://registry.npmjs.org/on-finished/-/on-finished-2.3.0.tgz",
        "range-parser": "1.2.0",
        "statuses": "http://registry.npmjs.org/statuses/-/statuses-1.3.1.tgz"
      }
    },
    "serve-static": {
      "version": "1.13.1",
      "resolved": "https://registry.npmjs.org/serve-static/-/serve-static-1.13.1.tgz",
      "integrity": "sha512-hSMUZrsPa/I09VYFJwa627JJkNs0NrfL1Uzuup+GqHfToR2KcsXFymXSV90hoyw3M+msjFuQly+YzIH/q0MGlQ==",
      "requires": {
        "encodeurl": "1.0.2",
        "escape-html": "1.0.3",
        "parseurl": "http://registry.npmjs.org/parseurl/-/parseurl-1.3.2.tgz",
        "send": "0.16.1"
      }
    },
    "setprototypeof": {
      "version": "1.1.0",
      "resolved": "https://registry.npmjs.org/setprototypeof/-/setprototypeof-1.1.0.tgz",
      "integrity": "sha512-BvE/TwpZX4FXExxOxZyRGQQv651MSwmWKZGqvmPcRIjDqWub67kTKuIMx43cZZrS/cBBzwBcNDWoFxt2XEFIpQ=="
    },
    "source-map": {
      "version": "http://registry.npmjs.org/source-map/-/source-map-0.4.4.tgz",
      "integrity": "sha1-66T12pwNyZneaAMti092FzZSA2s=",
      "requires": {
        "amdefine": "http://registry.npmjs.org/amdefine/-/amdefine-1.0.1.tgz"
      }
    },
    "statuses": {
      "version": "http://registry.npmjs.org/statuses/-/statuses-1.3.1.tgz",
      "integrity": "sha1-+vUbnrdKrvOzrPStX2Gr8ky3uT4="
    },
    "string_decoder": {
      "version": "1.0.3",
      "resolved": "https://registry.npmjs.org/string_decoder/-/string_decoder-1.0.3.tgz",
      "integrity": "sha512-4AH6Z5fzNNBcH+6XDMfA/BTt87skxqJlO0lAh3Dker5zThcAxG6mKz+iGu308UKoPPQ8Dcqx/4JhujzltRa+hQ==",
      "requires": {
        "safe-buffer": "http://registry.npmjs.org/safe-buffer/-/safe-buffer-5.1.1.tgz"
      }
    },
    "token-stream": {
      "version": "http://registry.npmjs.org/token-stream/-/token-stream-0.0.1.tgz",
      "integrity": "sha1-zu78cXp2xDFvEm0LnbqlXX598Bo="
    },
    "type-is": {
      "version": "http://registry.npmjs.org/type-is/-/type-is-1.6.15.tgz",
      "integrity": "sha1-yrEPtJCeRByChC6v4a1kbIGARBA=",
      "requires": {
        "media-typer": "http://registry.npmjs.org/media-typer/-/media-typer-0.3.0.tgz",
        "mime-types": "http://registry.npmjs.org/mime-types/-/mime-types-2.1.17.tgz"
      }
    },
    "uglify-js": {
      "version": "http://registry.npmjs.org/uglify-js/-/uglify-js-2.8.29.tgz",
      "integrity": "sha1-KcVzMUgFe7Th913zW3qcty5qWd0=",
      "requires": {
        "source-map": "http://registry.npmjs.org/source-map/-/source-map-0.5.7.tgz",
        "uglify-to-browserify": "http://registry.npmjs.org/uglify-to-browserify/-/uglify-to-browserify-1.0.2.tgz",
        "yargs": "http://registry.npmjs.org/yargs/-/yargs-3.10.0.tgz"
      },
      "dependencies": {
        "source-map": {
          "version": "http://registry.npmjs.org/source-map/-/source-map-0.5.7.tgz",
          "integrity": "sha1-igOdLRAh0i0eoUyA2OpGi6LvP8w="
        }
      }
    },
    "uglify-to-browserify": {
      "version": "http://registry.npmjs.org/uglify-to-browserify/-/uglify-to-browserify-1.0.2.tgz",
      "integrity": "sha1-bgkk1r2mta/jSeOabWMoUKD4grc=",
      "optional": true
    },
    "uid-safe": {
      "version": "http://registry.npmjs.org/uid-safe/-/uid-safe-2.1.5.tgz",
      "integrity": "sha1-Kz1cckDo/C5Y+Komnl7knAhXvTo=",
      "requires": {
        "random-bytes": "http://registry.npmjs.org/random-bytes/-/random-bytes-1.0.0.tgz"
      }
    },
    "unpipe": {
      "version": "http://registry.npmjs.org/unpipe/-/unpipe-1.0.0.tgz",
      "integrity": "sha1-sr9O6FFKrmFltIF4KdIbLvSZBOw="
    },
    "util-deprecate": {
      "version": "1.0.2",
      "resolved": "https://registry.npmjs.org/util-deprecate/-/util-deprecate-1.0.2.tgz",
      "integrity": "sha1-RQ1Nyfpw3nMnYvvS1KKJgUGaDM8="
    },
    "utils-merge": {
      "version": "http://registry.npmjs.org/utils-merge/-/utils-merge-1.0.1.tgz",
      "integrity": "sha1-n5VxD1CiZ5R7LMwSR0HBAoQn5xM="
    },
    "uuid": {
      "version": "3.2.1",
      "resolved": "https://registry.npmjs.org/uuid/-/uuid-3.2.1.tgz",
      "integrity": "sha512-jZnMwlb9Iku/O3smGWvZhauCf6cvvpKi4BKRiliS3cxnI+Gz9j5MEpTz2UFuXiKPJocb7gnsLHwiS05ige5BEA=="
    },
    "vary": {
      "version": "1.1.2",
      "resolved": "https://registry.npmjs.org/vary/-/vary-1.1.2.tgz",
      "integrity": "sha1-IpnwLG3tMNSllhsLn3RSShj2NPw="
    },
    "void-elements": {
      "version": "http://registry.npmjs.org/void-elements/-/void-elements-2.0.1.tgz",
      "integrity": "sha1-wGavtYK7HLQSjWDqkjkulNXp2+w="
    },
    "window-size": {
      "version": "http://registry.npmjs.org/window-size/-/window-size-0.1.0.tgz",
      "integrity": "sha1-VDjNLqk7IC76Ohn+iIeu58lPnJ0="
    },
    "with": {
      "version": "http://registry.npmjs.org/with/-/with-5.1.1.tgz",
      "integrity": "sha1-+k2qktrzLE6pTtRTyB8EaGtXXf4=",
      "requires": {
        "acorn": "http://registry.npmjs.org/acorn/-/acorn-3.3.0.tgz",
        "acorn-globals": "http://registry.npmjs.org/acorn-globals/-/acorn-globals-3.1.0.tgz"
      }
    },
    "wordwrap": {
      "version": "http://registry.npmjs.org/wordwrap/-/wordwrap-0.0.2.tgz",
      "integrity": "sha1-t5Zpu0LstAn4PVg8rVLKF+qhZD8="
    },
    "yargs": {
      "version": "http://registry.npmjs.org/yargs/-/yargs-3.10.0.tgz",
      "integrity": "sha1-9+572FfdfB0tOMDnTvvWgdFDH9E=",
      "requires": {
        "camelcase": "http://registry.npmjs.org/camelcase/-/camelcase-1.2.1.tgz",
        "cliui": "http://registry.npmjs.org/cliui/-/cliui-2.1.0.tgz",
        "decamelize": "http://registry.npmjs.org/decamelize/-/decamelize-1.2.0.tgz",
        "window-size": "http://registry.npmjs.org/window-size/-/window-size-0.1.0.tgz"
      }
    }
  }
}
